// !$*UTF8*$!
{
	archiveVersion = 1;
	classes = {
	};
	objectVersion = 46;
	objects = {

/* Begin PBXBuildFile section */
		174293AB1A0509640045717E /* AppDelegate.swift in Sources */ = {isa = PBXBuildFile; fileRef = 174293AA1A0509640045717E /* AppDelegate.swift */; };
		174293AD1A0509640045717E /* ViewController.swift in Sources */ = {isa = PBXBuildFile; fileRef = 174293AC1A0509640045717E /* ViewController.swift */; };
		174293B01A0509640045717E /* Main.storyboard in Resources */ = {isa = PBXBuildFile; fileRef = 174293AE1A0509640045717E /* Main.storyboard */; };
		174293B21A0509640045717E /* Images.xcassets in Resources */ = {isa = PBXBuildFile; fileRef = 174293B11A0509640045717E /* Images.xcassets */; };
		174293B51A0509640045717E /* LaunchScreen.xib in Resources */ = {isa = PBXBuildFile; fileRef = 174293B31A0509640045717E /* LaunchScreen.xib */; };
		174293C11A0509640045717E /* TaskItTests.swift in Sources */ = {isa = PBXBuildFile; fileRef = 174293C01A0509640045717E /* TaskItTests.swift */; };
/* End PBXBuildFile section */

/* Begin PBXContainerItemProxy section */
		174293BB1A0509640045717E /* PBXContainerItemProxy */ = {
			isa = PBXContainerItemProxy;
			containerPortal = 1742939D1A0509640045717E /* Project object */;
			proxyType = 1;
			remoteGlobalIDString = 174293A41A0509640045717E;
			remoteInfo = TaskIt;
		};
/* End PBXContainerItemProxy section */

/* Begin PBXFileReference section */
		174293A51A0509640045717E /* TaskIt.app */ = {isa = PBXFileReference; explicitFileType = wrapper.application; includeInIndex = 0; path = TaskIt.app; sourceTree = BUILT_PRODUCTS_DIR; };
		174293A91A0509640045717E /* Info.plist */ = {isa = PBXFileReference; lastKnownFileType = text.plist.xml; path = Info.plist; sourceTree = "<group>"; };
		174293AA1A0509640045717E /* AppDelegate.swift */ = {isa = PBXFileReference; lastKnownFileType = sourcecode.swift; path = AppDelegate.swift; sourceTree = "<group>"; };
		174293AC1A0509640045717E /* ViewController.swift */ = {isa = PBXFileReference; lastKnownFileType = sourcecode.swift; path = ViewController.swift; sourceTree = "<group>"; };
		174293AF1A0509640045717E /* Base */ = {isa = PBXFileReference; lastKnownFileType = file.storyboard; name = Base; path = Base.lproj/Main.storyboard; sourceTree = "<group>"; };
		174293B11A0509640045717E /* Images.xcassets */ = {isa = PBXFileReference; lastKnownFileType = folder.assetcatalog; path = Images.xcassets; sourceTree = "<group>"; };
		174293B41A0509640045717E /* Base */ = {isa = PBXFileReference; lastKnownFileType = file.xib; name = Base; path = Base.lproj/LaunchScreen.xib; sourceTree = "<group>"; };
		174293BA1A0509640045717E /* TaskItTests.xctest */ = {isa = PBXFileReference; explicitFileType = wrapper.cfbundle; includeInIndex = 0; path = TaskItTests.xctest; sourceTree = BUILT_PRODUCTS_DIR; };
		174293BF1A0509640045717E /* Info.plist */ = {isa = PBXFileReference; lastKnownFileType = text.plist.xml; path = Info.plist; sourceTree = "<group>"; };
		174293C01A0509640045717E /* TaskItTests.swift */ = {isa = PBXFileReference; lastKnownFileType = sourcecode.swift; path = TaskItTests.swift; sourceTree = "<group>"; };
/* End PBXFileReference section */

/* Begin PBXFrameworksBuildPhase section */
		174293A21A0509640045717E /* Frameworks */ = {
			isa = PBXFrameworksBuildPhase;
			buildActionMask = 2147483647;
			files = (
			);
			runOnlyForDeploymentPostprocessing = 0;
		};
		174293B71A0509640045717E /* Frameworks */ = {
			isa = PBXFrameworksBuildPhase;
			buildActionMask = 2147483647;
			files = (
			);
			runOnlyForDeploymentPostprocessing = 0;
		};
/* End PBXFrameworksBuildPhase section */

/* Begin PBXGroup section */
		1742939C1A0509640045717E = {
			isa = PBXGroup;
			children = (
				174293A71A0509640045717E /* TaskIt */,
				174293BD1A0509640045717E /* TaskItTests */,
				174293A61A0509640045717E /* Products */,
			);
			sourceTree = "<group>";
		};
		174293A61A0509640045717E /* Products */ = {
			isa = PBXGroup;
			children = (
				174293A51A0509640045717E /* TaskIt.app */,
				174293BA1A0509640045717E /* TaskItTests.xctest */,
			);
			name = Products;
			sourceTree = "<group>";
		};
		174293A71A0509640045717E /* TaskIt */ = {
			isa = PBXGroup;
			children = (
				174293AA1A0509640045717E /* AppDelegate.swift */,
				174293AC1A0509640045717E /* ViewController.swift */,
				174293AE1A0509640045717E /* Main.storyboard */,
				174293B11A0509640045717E /* Images.xcassets */,
				174293B31A0509640045717E /* LaunchScreen.xib */,
				174293A81A0509640045717E /* Supporting Files */,
			);
			path = TaskIt;
			sourceTree = "<group>";
		};
		174293A81A0509640045717E /* Supporting Files */ = {
			isa = PBXGroup;
			children = (
				174293A91A0509640045717E /* Info.plist */,
			);
			name = "Supporting Files";
			sourceTree = "<group>";
		};
		174293BD1A0509640045717E /* TaskItTests */ = {
			isa = PBXGroup;
			children = (
				174293C01A0509640045717E /* TaskItTests.swift */,
				174293BE1A0509640045717E /* Supporting Files */,
			);
			path = TaskItTests;
			sourceTree = "<group>";
		};
		174293BE1A0509640045717E /* Supporting Files */ = {
			isa = PBXGroup;
			children = (
				174293BF1A0509640045717E /* Info.plist */,
			);
			name = "Supporting Files";
			sourceTree = "<group>";
		};
/* End PBXGroup section */

/* Begin PBXNativeTarget section */
		174293A41A0509640045717E /* TaskIt */ = {
			isa = PBXNativeTarget;
			buildConfigurationList = 174293C41A0509640045717E /* Build configuration list for PBXNativeTarget "TaskIt" */;
			buildPhases = (
				174293A11A0509640045717E /* Sources */,
				174293A21A0509640045717E /* Frameworks */,
				174293A31A0509640045717E /* Resources */,
			);
			buildRules = (
			);
			dependencies = (
			);
			name = TaskIt;
			productName = TaskIt;
			productReference = 174293A51A0509640045717E /* TaskIt.app */;
			productType = "com.apple.product-type.application";
		};
		174293B91A0509640045717E /* TaskItTests */ = {
			isa = PBXNativeTarget;
			buildConfigurationList = 174293C71A0509640045717E /* Build configuration list for PBXNativeTarget "TaskItTests" */;
			buildPhases = (
				174293B61A0509640045717E /* Sources */,
				174293B71A0509640045717E /* Frameworks */,
				174293B81A0509640045717E /* Resources */,
			);
			buildRules = (
			);
			dependencies = (
				174293BC1A0509640045717E /* PBXTargetDependency */,
			);
			name = TaskItTests;
			productName = TaskItTests;
			productReference = 174293BA1A0509640045717E /* TaskItTests.xctest */;
			productType = "com.apple.product-type.bundle.unit-test";
		};
/* End PBXNativeTarget section */

/* Begin PBXProject section */
		1742939D1A0509640045717E /* Project object */ = {
			isa = PBXProject;
			attributes = {
				LastUpgradeCheck = 0610;
				ORGANIZATIONNAME = NanYar;
				TargetAttributes = {
					174293A41A0509640045717E = {
						CreatedOnToolsVersion = 6.1;
					};
					174293B91A0509640045717E = {
						CreatedOnToolsVersion = 6.1;
						TestTargetID = 174293A41A0509640045717E;
					};
				};
			};
			buildConfigurationList = 174293A01A0509640045717E /* Build configuration list for PBXProject "TaskIt" */;
			compatibilityVersion = "Xcode 3.2";
			developmentRegion = English;
			hasScannedForEncodings = 0;
			knownRegions = (
				en,
				Base,
			);
			mainGroup = 1742939C1A0509640045717E;
			productRefGroup = 174293A61A0509640045717E /* Products */;
			projectDirPath = "";
			projectRoot = "";
			targets = (
				174293A41A0509640045717E /* TaskIt */,
				174293B91A0509640045717E /* TaskItTests */,
			);
		};
/* End PBXProject section */

/* Begin PBXResourcesBuildPhase section */
		174293A31A0509640045717E /* Resources */ = {
			isa = PBXResourcesBuildPhase;
			buildActionMask = 2147483647;
			files = (
				174293B01A0509640045717E /* Main.storyboard in Resources */,
				174293B51A0509640045717E /* LaunchScreen.xib in Resources */,
				174293B21A0509640045717E /* Images.xcassets in Resources */,
			);
			runOnlyForDeploymentPostprocessing = 0;
		};
		174293B81A0509640045717E /* Resources */ = {
			isa = PBXResourcesBuildPhase;
			buildActionMask = 2147483647;
			files = (
			);
			runOnlyForDeploymentPostprocessing = 0;
		};
/* End PBXResourcesBuildPhase section */

/* Begin PBXSourcesBuildPhase section */
		174293A11A0509640045717E /* Sources */ = {
			isa = PBXSourcesBuildPhase;
			buildActionMask = 2147483647;
			files = (
				174293AD1A0509640045717E /* ViewController.swift in Sources */,
				174293AB1A0509640045717E /* AppDelegate.swift in Sources */,
			);
			runOnlyForDeploymentPostprocessing = 0;
		};
		174293B61A0509640045717E /* Sources */ = {
			isa = PBXSourcesBuildPhase;
			buildActionMask = 2147483647;
			files = (
				174293C11A0509640045717E /* TaskItTests.swift in Sources */,
			);
			runOnlyForDeploymentPostprocessing = 0;
		};
/* End PBXSourcesBuildPhase section */

/* Begin PBXTargetDependency section */
		174293BC1A0509640045717E /* PBXTargetDependency */ = {
			isa = PBXTargetDependency;
			target = 174293A41A0509640045717E /* TaskIt */;
			targetProxy = 174293BB1A0509640045717E /* PBXContainerItemProxy */;
		};
/* End PBXTargetDependency section */

/* Begin PBXVariantGroup section */
		174293AE1A0509640045717E /* Main.storyboard */ = {
			isa = PBXVariantGroup;
			children = (
				174293AF1A0509640045717E /* Base */,
			);
			name = Main.storyboard;
			sourceTree = "<group>";
		};
		174293B31A0509640045717E /* LaunchScreen.xib */ = {
			isa = PBXVariantGroup;
			children = (
				174293B41A0509640045717E /* Base */,
			);
			name = LaunchScreen.xib;
			sourceTree = "<group>";
		};
/* End PBXVariantGroup section */

/* Begin XCBuildConfiguration section */
		174293C21A0509640045717E /* Debug */ = {
			isa = XCBuildConfiguration;
			buildSettings = {
				ALWAYS_SEARCH_USER_PATHS = NO;
				CLANG_CXX_LANGUAGE_STANDARD = "gnu++0x";
				CLANG_CXX_LIBRARY = "libc++";
				CLANG_ENABLE_MODULES = YES;
				CLANG_ENABLE_OBJC_ARC = YES;
				CLANG_WARN_BOOL_CONVERSION = YES;
				CLANG_WARN_CONSTANT_CONVERSION = YES;
				CLANG_WARN_DIRECT_OBJC_ISA_USAGE = YES_ERROR;
				CLANG_WARN_EMPTY_BODY = YES;
				CLANG_WARN_ENUM_CONVERSION = YES;
				CLANG_WARN_INT_CONVERSION = YES;
				CLANG_WARN_OBJC_ROOT_CLASS = YES_ERROR;
				CLANG_WARN_UNREACHABLE_CODE = YES;
				CLANG_WARN__DUPLICATE_METHOD_MATCH = YES;
				"CODE_SIGN_IDENTITY[sdk=iphoneos*]" = "iPhone Developer";
				COPY_PHASE_STRIP = NO;
				ENABLE_STRICT_OBJC_MSGSEND = YES;
				GCC_C_LANGUAGE_STANDARD = gnu99;
				GCC_DYNAMIC_NO_PIC = NO;
				GCC_OPTIMIZATION_LEVEL = 0;
				GCC_PREPROCESSOR_DEFINITIONS = (
					"DEBUG=1",
					"$(inherited)",
				);
				GCC_SYMBOLS_PRIVATE_EXTERN = NO;
				GCC_WARN_64_TO_32_BIT_CONVERSION = YES;
				GCC_WARN_ABOUT_RETURN_TYPE = YES_ERROR;
				GCC_WARN_UNDECLARED_SELECTOR = YES;
				GCC_WARN_UNINITIALIZED_AUTOS = YES_AGGRESSIVE;
				GCC_WARN_UNUSED_FUNCTION = YES;
				GCC_WARN_UNUSED_VARIABLE = YES;
				IPHONEOS_DEPLOYMENT_TARGET = 8.1;
				MTL_ENABLE_DEBUG_INFO = YES;
				ONLY_ACTIVE_ARCH = YES;
				SDKROOT = iphoneos;
				SWIFT_OPTIMIZATION_LEVEL = "-Onone";
				TARGETED_DEVICE_FAMILY = "1,2";
			};
			name = Debug;
		};
		174293C31A0509640045717E /* Release */ = {
			isa = XCBuildConfiguration;
			buildSettings = {
				ALWAYS_SEARCH_USER_PATHS = NO;
				CLANG_CXX_LANGUAGE_STANDARD = "gnu++0x";
				CLANG_CXX_LIBRARY = "libc++";
				CLANG_ENABLE_MODULES = YES;
				CLANG_ENABLE_OBJC_ARC = YES;
				CLANG_WARN_BOOL_CONVERSION = YES;
				CLANG_WARN_CONSTANT_CONVERSION = YES;
				CLANG_WARN_DIRECT_OBJC_ISA_USAGE = YES_ERROR;
				CLANG_WARN_EMPTY_BODY = YES;
				CLANG_WARN_ENUM_CONVERSION = YES;
				CLANG_WARN_INT_CONVERSION = YES;
				CLANG_WARN_OBJC_ROOT_CLASS = YES_ERROR;
				CLANG_WARN_UNREACHABLE_CODE = YES;
				CLANG_WARN__DUPLICATE_METHOD_MATCH = YES;
				"CODE_SIGN_IDENTITY[sdk=iphoneos*]" = "iPhone Developer";
				COPY_PHASE_STRIP = YES;
				ENABLE_NS_ASSERTIONS = NO;
				ENABLE_STRICT_OBJC_MSGSEND = YES;
				GCC_C_LANGUAGE_STANDARD = gnu99;
				GCC_WARN_64_TO_32_BIT_CONVERSION = YES;
				GCC_WARN_ABOUT_RETURN_TYPE = YES_ERROR;
				GCC_WARN_UNDECLARED_SELECTOR = YES;
				GCC_WARN_UNINITIALIZED_AUTOS = YES_AGGRESSIVE;
				GCC_WARN_UNUSED_FUNCTION = YES;
				GCC_WARN_UNUSED_VARIABLE = YES;
				IPHONEOS_DEPLOYMENT_TARGET = 8.1;
				MTL_ENABLE_DEBUG_INFO = NO;
				SDKROOT = iphoneos;
				TARGETED_DEVICE_FAMILY = "1,2";
				VALIDATE_PRODUCT = YES;
			};
			name = Release;
		};
		174293C51A0509640045717E /* Debug */ = {
			isa = XCBuildConfiguration;
			buildSettings = {
				ASSETCATALOG_COMPILER_APPICON_NAME = AppIcon;
				INFOPLIST_FILE = TaskIt/Info.plist;
				LD_RUNPATH_SEARCH_PATHS = "$(inherited) @executable_path/Frameworks";
				PRODUCT_NAME = "$(TARGET_NAME)";
			};
			name = Debug;
		};
		174293C61A0509640045717E /* Release */ = {
			isa = XCBuildConfiguration;
			buildSettings = {
				ASSETCATALOG_COMPILER_APPICON_NAME = AppIcon;
				INFOPLIST_FILE = TaskIt/Info.plist;
				LD_RUNPATH_SEARCH_PATHS = "$(inherited) @executable_path/Frameworks";
				PRODUCT_NAME = "$(TARGET_NAME)";
			};
			name = Release;
		};
		174293C81A0509640045717E /* Debug */ = {
			isa = XCBuildConfiguration;
			buildSettings = {
				BUNDLE_LOADER = "$(TEST_HOST)";
				FRAMEWORK_SEARCH_PATHS = (
					"$(SDKROOT)/Developer/Library/Frameworks",
					"$(inherited)",
				);
				GCC_PREPROCESSOR_DEFINITIONS = (
					"DEBUG=1",
					"$(inherited)",
				);
				INFOPLIST_FILE = TaskItTests/Info.plist;
				LD_RUNPATH_SEARCH_PATHS = "$(inherited) @executable_path/Frameworks @loader_path/Frameworks";
				PRODUCT_NAME = "$(TARGET_NAME)";
				TEST_HOST = "$(BUILT_PRODUCTS_DIR)/TaskIt.app/TaskIt";
			};
			name = Debug;
		};
		174293C91A0509640045717E /* Release */ = {
			isa = XCBuildConfiguration;
			buildSettings = {
				BUNDLE_LOADER = "$(TEST_HOST)";
				FRAMEWORK_SEARCH_PATHS = (
					"$(SDKROOT)/Developer/Library/Frameworks",
					"$(inherited)",
				);
				INFOPLIST_FILE = TaskItTests/Info.plist;
				LD_RUNPATH_SEARCH_PATHS = "$(inherited) @executable_path/Frameworks @loader_path/Frameworks";
				PRODUCT_NAME = "$(TARGET_NAME)";
				TEST_HOST = "$(BUILT_PRODUCTS_DIR)/TaskIt.app/TaskIt";
			};
			name = Release;
		};
/* End XCBuildConfiguration section */

/* Begin XCConfigurationList section */
		174293A01A0509640045717E /* Build configuration list for PBXProject "TaskIt" */ = {
			isa = XCConfigurationList;
			buildConfigurations = (
				174293C21A0509640045717E /* Debug */,
				174293C31A0509640045717E /* Release */,
			);
			defaultConfigurationIsVisible = 0;
			defaultConfigurationName = Release;
		};
		174293C41A0509640045717E /* Build configuration list for PBXNativeTarget "TaskIt" */ = {
			isa = XCConfigurationList;
			buildConfigurations = (
				174293C51A0509640045717E /* Debug */,
				174293C61A0509640045717E /* Release */,
			);
			defaultConfigurationIsVisible = 0;
		};
		174293C71A0509640045717E /* Build configuration list for PBXNativeTarget "TaskItTests" */ = {
			isa = XCConfigurationList;
			buildConfigurations = (
				174293C81A0509640045717E /* Debug */,
				174293C91A0509640045717E /* Release */,
			);
			defaultConfigurationIsVisible = 0;
		};
/* End XCConfigurationList section */
	};
	rootObject = 1742939D1A0509640045717E /* Project object */;
}
